[[package]]
category = "dev"
description = "A small Python module for determining appropriate platform-specific dirs, e.g. a \"user data dir\"."
name = "appdirs"
optional = false
python-versions = "*"
version = "1.4.4"

[[package]]
category = "dev"
description = "Composable command line interface toolkit"
name = "click"
optional = false
python-versions = ">=2.7, !=3.0.*, !=3.1.*, !=3.2.*, !=3.3.*, !=3.4.*"
version = "7.1.2"

[[package]]
category = "dev"
description = "Cross-platform colored terminal text."
marker = "platform_system == \"Windows\""
name = "colorama"
optional = false
python-versions = ">=2.7, !=3.0.*, !=3.1.*, !=3.2.*, !=3.3.*, !=3.4.*"
version = "0.4.3"

[[package]]
category = "dev"
description = "Distribution utilities"
name = "distlib"
optional = false
python-versions = "*"
version = "0.3.0"

[[package]]
category = "dev"
description = "A platform independent file lock."
name = "filelock"
optional = false
python-versions = "*"
version = "3.0.12"

[[package]]
category = "dev"
description = "Clean single-source support for Python 3 and 2"
name = "future"
optional = false
python-versions = ">=2.6, !=3.0.*, !=3.1.*, !=3.2.*"
version = "0.18.2"

[[package]]
category = "dev"
description = "A very fast and expressive template engine."
name = "jinja2"
optional = false
python-versions = ">=2.7, !=3.0.*, !=3.1.*, !=3.2.*, !=3.3.*, !=3.4.*"
version = "2.11.2"

[package.dependencies]
MarkupSafe = ">=0.23"

[package.extras]
i18n = ["Babel (>=0.8)"]

[[package]]
category = "dev"
description = "Lightweight pipelining: using Python functions as pipeline jobs."
marker = "python_version > \"2.7\""
name = "joblib"
optional = false
python-versions = ">=3.6"
version = "0.15.1"

[[package]]
category = "dev"
description = "Python LiveReload is an awesome tool for web developers"
name = "livereload"
optional = false
python-versions = "*"
version = "2.6.2"

[package.dependencies]
six = "*"

[package.dependencies.tornado]
python = ">=2.8"
version = "*"

[[package]]
category = "dev"
description = "A Python implementation of Lunr.js"
name = "lunr"
optional = false
python-versions = "*"
version = "0.5.8"

[package.dependencies]
future = ">=0.16.0"
six = ">=1.11.0"

[package.dependencies.nltk]
optional = true
python = ">=2.8"
version = ">=3.2.5"

[package.extras]
languages = ["nltk (>=3.2.5,<3.5)", "nltk (>=3.2.5)"]

[[package]]
category = "dev"
description = "Python implementation of Markdown."
name = "markdown"
optional = false
python-versions = ">=3.5"
version = "3.2.2"

[package.extras]
testing = ["coverage", "pyyaml"]

[[package]]
category = "dev"
description = "Safely add untrusted strings to HTML/XML markup."
name = "markupsafe"
optional = false
python-versions = ">=2.7,!=3.0.*,!=3.1.*,!=3.2.*,!=3.3.*"
version = "1.1.1"

[[package]]
category = "dev"
description = "AutoDoc for MarkDown"
name = "mkautodoc"
optional = false
python-versions = ">=3.6"
version = "0.1.0"

[[package]]
category = "dev"
description = "Project documentation with Markdown."
name = "mkdocs"
optional = false
python-versions = ">=3.5"
version = "1.1.2"

[package.dependencies]
Jinja2 = ">=2.10.1"
Markdown = ">=3.2.1"
PyYAML = ">=3.10"
click = ">=3.3"
livereload = ">=2.5.1"
tornado = ">=5.0"

[package.dependencies.lunr]
extras = ["languages"]
version = "0.5.8"

[[package]]
category = "dev"
description = "A Material Design theme for MkDocs"
name = "mkdocs-material"
optional = false
python-versions = "*"
version = "5.2.3"

[package.dependencies]
Pygments = ">=2.4"
markdown = ">=3.2"
mkdocs = ">=1.1"
mkdocs-material-extensions = ">=1.0"
pymdown-extensions = ">=7.0"

[[package]]
category = "dev"
description = "Extension pack for Python Markdown."
name = "mkdocs-material-extensions"
optional = false
python-versions = ">=3.5"
version = "1.0"

[package.dependencies]
mkdocs-material = ">=5.0.0"

[[package]]
category = "dev"
description = "Natural Language Toolkit"
marker = "python_version > \"2.7\""
name = "nltk"
optional = false
python-versions = "*"
version = "3.5"

[package.dependencies]
click = "*"
joblib = "*"
regex = "*"
tqdm = "*"

[package.extras]
all = ["requests", "numpy", "python-crfsuite", "scikit-learn", "twython", "pyparsing", "scipy", "matplotlib", "gensim"]
corenlp = ["requests"]
machine_learning = ["gensim", "numpy", "python-crfsuite", "scikit-learn", "scipy"]
plot = ["matplotlib"]
tgrep = ["pyparsing"]
twitter = ["twython"]

[[package]]
category = "dev"
description = "Core utilities for Python packages"
name = "packaging"
optional = false
python-versions = ">=2.7, !=3.0.*, !=3.1.*, !=3.2.*, !=3.3.*"
version = "20.4"

[package.dependencies]
pyparsing = ">=2.0.2"
six = "*"

[[package]]
category = "dev"
description = "Python Imaging Library (Fork)"
name = "pillow"
optional = false
python-versions = ">=3.5"
version = "7.1.2"

[[package]]
category = "dev"
description = "plugin and hook calling mechanisms for python"
name = "pluggy"
optional = false
python-versions = ">=2.7, !=3.0.*, !=3.1.*, !=3.2.*, !=3.3.*"
version = "0.13.1"

[package.extras]
dev = ["pre-commit", "tox"]

[[package]]
category = "dev"
description = "library with cross-python path, ini-parsing, io, code, log facilities"
name = "py"
optional = false
python-versions = ">=2.7, !=3.0.*, !=3.1.*, !=3.2.*, !=3.3.*"
version = "1.8.1"

[[package]]
category = "dev"
description = "Pygments is a syntax highlighting package written in Python."
name = "pygments"
optional = false
python-versions = ">=3.5"
version = "2.6.1"

[[package]]
category = "dev"
description = "Extension pack for Python Markdown."
name = "pymdown-extensions"
optional = false
python-versions = ">=2.7,!=3.0.*,!=3.1.*,!=3.2.*,!=3.3.*,!=3.4.*"
version = "7.1"

[package.dependencies]
Markdown = ">=3.2"

[[package]]
category = "dev"
description = "Python parsing module"
name = "pyparsing"
optional = false
python-versions = ">=2.6, !=3.0.*, !=3.1.*, !=3.2.*"
version = "2.4.7"

[[package]]
category = "dev"
description = "A cross-platform clipboard module for Python. (Only handles plain text for now.)"
name = "pyperclip"
optional = false
python-versions = "*"
version = "1.8.0"

[[package]]
category = "dev"
description = "YAML parser and emitter for Python"
name = "pyyaml"
optional = false
python-versions = "*"
version = "5.3.1"

[[package]]
category = "dev"
description = "QR Code image generator"
name = "qrcode"
optional = false
python-versions = "*"
version = "6.1"

[package.dependencies]
colorama = "*"
six = "*"

[package.dependencies.pillow]
optional = true
version = "*"

[package.extras]
dev = ["tox", "pytest", "mock"]
maintainer = ["zest.releaser"]
pil = ["pillow"]
test = ["pytest", "pytest-cov", "mock"]

[[package]]
category = "dev"
description = "Alternative regular expression module, to replace re."
marker = "python_version > \"2.7\""
name = "regex"
optional = false
python-versions = "*"
version = "2020.6.8"

[[package]]
category = "dev"
description = "Python 2 and 3 compatibility utilities"
name = "six"
optional = false
python-versions = ">=2.7, !=3.0.*, !=3.1.*, !=3.2.*"
version = "1.15.0"

[[package]]
category = "dev"
description = "Python Library for Tom's Obvious, Minimal Language"
name = "toml"
optional = false
python-versions = "*"
version = "0.10.1"

[[package]]
category = "dev"
description = "Tornado is a Python web framework and asynchronous networking library, originally developed at FriendFeed."
name = "tornado"
optional = false
python-versions = ">= 3.5"
version = "6.0.4"

[[package]]
category = "dev"
description = "tox is a generic virtualenv management and test command line tool"
name = "tox"
optional = false
python-versions = "!=3.0.*,!=3.1.*,!=3.2.*,!=3.3.*,!=3.4.*,>=2.7"
version = "3.15.2"

[package.dependencies]
colorama = ">=0.4.1"
filelock = ">=3.0.0"
packaging = ">=14"
pluggy = ">=0.12.0"
py = ">=1.4.17"
six = ">=1.14.0"
toml = ">=0.9.4"
virtualenv = ">=16.0.0,<20.0.0 || >20.0.0,<20.0.1 || >20.0.1,<20.0.2 || >20.0.2,<20.0.3 || >20.0.3,<20.0.4 || >20.0.4,<20.0.5 || >20.0.5,<20.0.6 || >20.0.6,<20.0.7 || >20.0.7"

[package.extras]
docs = ["sphinx (>=2.0.0)", "towncrier (>=18.5.0)", "pygments-github-lexers (>=0.0.5)", "sphinxcontrib-autoprogram (>=0.1.5)"]
testing = ["freezegun (>=0.3.11)", "pathlib2 (>=2.3.3)", "pytest (>=4.0.0)", "pytest-cov (>=2.5.1)", "pytest-mock (>=1.10.0)", "pytest-xdist (>=1.22.2)", "pytest-randomly (>=1.0.0)", "flaky (>=3.4.0)", "psutil (>=5.6.1)"]

[[package]]
category = "dev"
description = "Fast, Extensible Progress Meter"
marker = "python_version > \"2.7\""
name = "tqdm"
optional = false
python-versions = ">=2.6, !=3.0.*, !=3.1.*"
version = "4.46.1"

[package.extras]
dev = ["py-make (>=0.1.0)", "twine", "argopt", "pydoc-markdown"]

[[package]]
category = "dev"
description = "Virtual Python Environment builder"
name = "virtualenv"
optional = false
python-versions = "!=3.0.*,!=3.1.*,!=3.2.*,!=3.3.*,>=2.7"
version = "20.0.23"

[package.dependencies]
appdirs = ">=1.4.3,<2"
distlib = ">=0.3.0,<1"
filelock = ">=3.0.0,<4"
six = ">=1.9.0,<2"

[package.extras]
docs = ["sphinx (>=3)", "sphinx-argparse (>=0.2.5)", "sphinx-rtd-theme (>=0.4.3)", "towncrier (>=19.9.0rc1)", "proselint (>=0.10.2)"]
testing = ["pytest (>=4)", "coverage (>=5)", "coverage-enable-subprocess (>=1)", "pytest-xdist (>=1.31.0)", "pytest-mock (>=2)", "pytest-env (>=0.6.2)", "pytest-randomly (>=1)", "pytest-timeout (>=1)", "flaky (>=3)", "packaging (>=20.0)", "xonsh (>=0.9.16)"]

[metadata]
content-hash = "ef800cab8ce5ff2a7cc7579f94fa6936fe1c5cf454286be3155a4af00edf8cb8"
python-versions = "^3.8"

[metadata.files]
appdirs = [
    {file = "appdirs-1.4.4-py2.py3-none-any.whl", hash = "sha256:a841dacd6b99318a741b166adb07e19ee71a274450e68237b4650ca1055ab128"},
    {file = "appdirs-1.4.4.tar.gz", hash = "sha256:7d5d0167b2b1ba821647616af46a749d1c653740dd0d2415100fe26e27afdf41"},
]
click = [
    {file = "click-7.1.2-py2.py3-none-any.whl", hash = "sha256:dacca89f4bfadd5de3d7489b7c8a566eee0d3676333fbb50030263894c38c0dc"},
    {file = "click-7.1.2.tar.gz", hash = "sha256:d2b5255c7c6349bc1bd1e59e08cd12acbbd63ce649f2588755783aa94dfb6b1a"},
]
colorama = [
    {file = "colorama-0.4.3-py2.py3-none-any.whl", hash = "sha256:7d73d2a99753107a36ac6b455ee49046802e59d9d076ef8e47b61499fa29afff"},
    {file = "colorama-0.4.3.tar.gz", hash = "sha256:e96da0d330793e2cb9485e9ddfd918d456036c7149416295932478192f4436a1"},
]
distlib = [
    {file = "distlib-0.3.0.zip", hash = "sha256:2e166e231a26b36d6dfe35a48c4464346620f8645ed0ace01ee31822b288de21"},
]
filelock = [
    {file = "filelock-3.0.12-py3-none-any.whl", hash = "sha256:929b7d63ec5b7d6b71b0fa5ac14e030b3f70b75747cef1b10da9b879fef15836"},
    {file = "filelock-3.0.12.tar.gz", hash = "sha256:18d82244ee114f543149c66a6e0c14e9c4f8a1044b5cdaadd0f82159d6a6ff59"},
]
future = [
    {file = "future-0.18.2.tar.gz", hash = "sha256:b1bead90b70cf6ec3f0710ae53a525360fa360d306a86583adc6bf83a4db537d"},
]
jinja2 = [
    {file = "Jinja2-2.11.2-py2.py3-none-any.whl", hash = "sha256:f0a4641d3cf955324a89c04f3d94663aa4d638abe8f733ecd3582848e1c37035"},
    {file = "Jinja2-2.11.2.tar.gz", hash = "sha256:89aab215427ef59c34ad58735269eb58b1a5808103067f7bb9d5836c651b3bb0"},
]
joblib = [
    {file = "joblib-0.15.1-py3-none-any.whl", hash = "sha256:6825784ffda353cc8a1be573118085789e5b5d29401856b35b756645ab5aecb5"},
    {file = "joblib-0.15.1.tar.gz", hash = "sha256:61e49189c84b3c5d99a969d314853f4d1d263316cc694bec17548ebaa9c47b6e"},
]
livereload = [
    {file = "livereload-2.6.2.tar.gz", hash = "sha256:d1eddcb5c5eb8d2ca1fa1f750e580da624c0f7fcb734aa5780dc81b7dcbd89be"},
]
lunr = [
    {file = "lunr-0.5.8-py2.py3-none-any.whl", hash = "sha256:aab3f489c4d4fab4c1294a257a30fec397db56f0a50273218ccc3efdbf01d6ca"},
    {file = "lunr-0.5.8.tar.gz", hash = "sha256:c4fb063b98eff775dd638b3df380008ae85e6cb1d1a24d1cd81a10ef6391c26e"},
]
markdown = [
    {file = "Markdown-3.2.2-py3-none-any.whl", hash = "sha256:c467cd6233885534bf0fe96e62e3cf46cfc1605112356c4f9981512b8174de59"},
    {file = "Markdown-3.2.2.tar.gz", hash = "sha256:1fafe3f1ecabfb514a5285fca634a53c1b32a81cb0feb154264d55bf2ff22c17"},
]
markupsafe = [
    {file = "MarkupSafe-1.1.1-cp27-cp27m-macosx_10_6_intel.whl", hash = "sha256:09027a7803a62ca78792ad89403b1b7a73a01c8cb65909cd876f7fcebd79b161"},
    {file = "MarkupSafe-1.1.1-cp27-cp27m-manylinux1_i686.whl", hash = "sha256:e249096428b3ae81b08327a63a485ad0878de3fb939049038579ac0ef61e17e7"},
    {file = "MarkupSafe-1.1.1-cp27-cp27m-manylinux1_x86_64.whl", hash = "sha256:500d4957e52ddc3351cabf489e79c91c17f6e0899158447047588650b5e69183"},
    {file = "MarkupSafe-1.1.1-cp27-cp27m-win32.whl", hash = "sha256:b2051432115498d3562c084a49bba65d97cf251f5a331c64a12ee7e04dacc51b"},
    {file = "MarkupSafe-1.1.1-cp27-cp27m-win_amd64.whl", hash = "sha256:98c7086708b163d425c67c7a91bad6e466bb99d797aa64f965e9d25c12111a5e"},
    {file = "MarkupSafe-1.1.1-cp27-cp27mu-manylinux1_i686.whl", hash = "sha256:cd5df75523866410809ca100dc9681e301e3c27567cf498077e8551b6d20e42f"},
    {file = "MarkupSafe-1.1.1-cp27-cp27mu-manylinux1_x86_64.whl", hash = "sha256:43a55c2930bbc139570ac2452adf3d70cdbb3cfe5912c71cdce1c2c6bbd9c5d1"},
    {file = "MarkupSafe-1.1.1-cp34-cp34m-macosx_10_6_intel.whl", hash = "sha256:1027c282dad077d0bae18be6794e6b6b8c91d58ed8a8d89a89d59693b9131db5"},
    {file = "MarkupSafe-1.1.1-cp34-cp34m-manylinux1_i686.whl", hash = "sha256:62fe6c95e3ec8a7fad637b7f3d372c15ec1caa01ab47926cfdf7a75b40e0eac1"},
    {file = "MarkupSafe-1.1.1-cp34-cp34m-manylinux1_x86_64.whl", hash = "sha256:88e5fcfb52ee7b911e8bb6d6aa2fd21fbecc674eadd44118a9cc3863f938e735"},
    {file = "MarkupSafe-1.1.1-cp34-cp34m-win32.whl", hash = "sha256:ade5e387d2ad0d7ebf59146cc00c8044acbd863725f887353a10df825fc8ae21"},
    {file = "MarkupSafe-1.1.1-cp34-cp34m-win_amd64.whl", hash = "sha256:09c4b7f37d6c648cb13f9230d847adf22f8171b1ccc4d5682398e77f40309235"},
    {file = "MarkupSafe-1.1.1-cp35-cp35m-macosx_10_6_intel.whl", hash = "sha256:79855e1c5b8da654cf486b830bd42c06e8780cea587384cf6545b7d9ac013a0b"},
    {file = "MarkupSafe-1.1.1-cp35-cp35m-manylinux1_i686.whl", hash = "sha256:c8716a48d94b06bb3b2524c2b77e055fb313aeb4ea620c8dd03a105574ba704f"},
    {file = "MarkupSafe-1.1.1-cp35-cp35m-manylinux1_x86_64.whl", hash = "sha256:7c1699dfe0cf8ff607dbdcc1e9b9af1755371f92a68f706051cc8c37d447c905"},
    {file = "MarkupSafe-1.1.1-cp35-cp35m-win32.whl", hash = "sha256:6dd73240d2af64df90aa7c4e7481e23825ea70af4b4922f8ede5b9e35f78a3b1"},
    {file = "MarkupSafe-1.1.1-cp35-cp35m-win_amd64.whl", hash = "sha256:9add70b36c5666a2ed02b43b335fe19002ee5235efd4b8a89bfcf9005bebac0d"},
    {file = "MarkupSafe-1.1.1-cp36-cp36m-macosx_10_6_intel.whl", hash = "sha256:24982cc2533820871eba85ba648cd53d8623687ff11cbb805be4ff7b4c971aff"},
    {file = "MarkupSafe-1.1.1-cp36-cp36m-manylinux1_i686.whl", hash = "sha256:00bc623926325b26bb9605ae9eae8a215691f33cae5df11ca5424f06f2d1f473"},
    {file = "MarkupSafe-1.1.1-cp36-cp36m-manylinux1_x86_64.whl", hash = "sha256:717ba8fe3ae9cc0006d7c451f0bb265ee07739daf76355d06366154ee68d221e"},
    {file = "MarkupSafe-1.1.1-cp36-cp36m-win32.whl", hash = "sha256:535f6fc4d397c1563d08b88e485c3496cf5784e927af890fb3c3aac7f933ec66"},
    {file = "MarkupSafe-1.1.1-cp36-cp36m-win_amd64.whl", hash = "sha256:b1282f8c00509d99fef04d8ba936b156d419be841854fe901d8ae224c59f0be5"},
    {file = "MarkupSafe-1.1.1-cp37-cp37m-macosx_10_6_intel.whl", hash = "sha256:8defac2f2ccd6805ebf65f5eeb132adcf2ab57aa11fdf4c0dd5169a004710e7d"},
    {file = "MarkupSafe-1.1.1-cp37-cp37m-manylinux1_i686.whl", hash = "sha256:46c99d2de99945ec5cb54f23c8cd5689f6d7177305ebff350a58ce5f8de1669e"},
    {file = "MarkupSafe-1.1.1-cp37-cp37m-manylinux1_x86_64.whl", hash = "sha256:ba59edeaa2fc6114428f1637ffff42da1e311e29382d81b339c1817d37ec93c6"},
    {file = "MarkupSafe-1.1.1-cp37-cp37m-win32.whl", hash = "sha256:b00c1de48212e4cc9603895652c5c410df699856a2853135b3967591e4beebc2"},
    {file = "MarkupSafe-1.1.1-cp37-cp37m-win_amd64.whl", hash = "sha256:9bf40443012702a1d2070043cb6291650a0841ece432556f784f004937f0f32c"},
    {file = "MarkupSafe-1.1.1-cp38-cp38-macosx_10_9_x86_64.whl", hash = "sha256:6788b695d50a51edb699cb55e35487e430fa21f1ed838122d722e0ff0ac5ba15"},
    {file = "MarkupSafe-1.1.1-cp38-cp38-manylinux1_i686.whl", hash = "sha256:cdb132fc825c38e1aeec2c8aa9338310d29d337bebbd7baa06889d09a60a1fa2"},
    {file = "MarkupSafe-1.1.1-cp38-cp38-manylinux1_x86_64.whl", hash = "sha256:13d3144e1e340870b25e7b10b98d779608c02016d5184cfb9927a9f10c689f42"},
    {file = "MarkupSafe-1.1.1-cp38-cp38-win32.whl", hash = "sha256:596510de112c685489095da617b5bcbbac7dd6384aeebeda4df6025d0256a81b"},
    {file = "MarkupSafe-1.1.1-cp38-cp38-win_amd64.whl", hash = "sha256:e8313f01ba26fbbe36c7be1966a7b7424942f670f38e666995b88d012765b9be"},
    {file = "MarkupSafe-1.1.1.tar.gz", hash = "sha256:29872e92839765e546828bb7754a68c418d927cd064fd4708fab9fe9c8bb116b"},
]
mkautodoc = [
    {file = "mkautodoc-0.1.0.tar.gz", hash = "sha256:7c2595f40276b356e576ce7e343338f8b4fa1e02ea904edf33fadf82b68ca67c"},
]
mkdocs = [
    {file = "mkdocs-1.1.2-py3-none-any.whl", hash = "sha256:096f52ff52c02c7e90332d2e53da862fde5c062086e1b5356a6e392d5d60f5e9"},
    {file = "mkdocs-1.1.2.tar.gz", hash = "sha256:f0b61e5402b99d7789efa032c7a74c90a20220a9c81749da06dbfbcbd52ffb39"},
]
mkdocs-material = [
    {file = "mkdocs-material-5.2.3.tar.gz", hash = "sha256:aeb6b9f6601e3d1062d041924adfe60bc93f2d4a1f75cceab60dd17c58737bfb"},
    {file = "mkdocs_material-5.2.3-py2.py3-none-any.whl", hash = "sha256:0e23096b385cb28145c56e455db98d49ccac54d06a07ca0817f1f47015299338"},
]
mkdocs-material-extensions = [
    {file = "mkdocs-material-extensions-1.0.tar.gz", hash = "sha256:17d7491e189af75700310b7ec33c6c48a22060b8b445001deca040cb60471cde"},
    {file = "mkdocs_material_extensions-1.0-py3-none-any.whl", hash = "sha256:09569c3694b5acc1e8334c9730e52b4bcde65fc9d613cc20e49af131ef1a9ca0"},
]
nltk = [
    {file = "nltk-3.5.zip", hash = "sha256:845365449cd8c5f9731f7cb9f8bd6fd0767553b9d53af9eb1b3abf7700936b35"},
]
packaging = [
    {file = "packaging-20.4-py2.py3-none-any.whl", hash = "sha256:998416ba6962ae7fbd6596850b80e17859a5753ba17c32284f67bfff33784181"},
    {file = "packaging-20.4.tar.gz", hash = "sha256:4357f74f47b9c12db93624a82154e9b120fa8293699949152b22065d556079f8"},
]
pillow = [
    {file = "Pillow-7.1.2-cp35-cp35m-macosx_10_10_intel.whl", hash = "sha256:ae2b270f9a0b8822b98655cb3a59cdb1bd54a34807c6c56b76dd2e786c3b7db3"},
    {file = "Pillow-7.1.2-cp35-cp35m-manylinux1_i686.whl", hash = "sha256:d23e2aa9b969cf9c26edfb4b56307792b8b374202810bd949effd1c6e11ebd6d"},
    {file = "Pillow-7.1.2-cp35-cp35m-manylinux1_x86_64.whl", hash = "sha256:b532bcc2f008e96fd9241177ec580829dee817b090532f43e54074ecffdcd97f"},
    {file = "Pillow-7.1.2-cp35-cp35m-win32.whl", hash = "sha256:12e4bad6bddd8546a2f9771485c7e3d2b546b458ae8ff79621214119ac244523"},
    {file = "Pillow-7.1.2-cp35-cp35m-win_amd64.whl", hash = "sha256:9744350687459234867cbebfe9df8f35ef9e1538f3e729adbd8fde0761adb705"},
    {file = "Pillow-7.1.2-cp36-cp36m-macosx_10_10_x86_64.whl", hash = "sha256:f54be399340aa602066adb63a86a6a5d4f395adfdd9da2b9a0162ea808c7b276"},
    {file = "Pillow-7.1.2-cp36-cp36m-manylinux1_i686.whl", hash = "sha256:1f694e28c169655c50bb89a3fa07f3b854d71eb47f50783621de813979ba87f3"},
    {file = "Pillow-7.1.2-cp36-cp36m-manylinux1_x86_64.whl", hash = "sha256:f784aad988f12c80aacfa5b381ec21fd3f38f851720f652b9f33facc5101cf4d"},
    {file = "Pillow-7.1.2-cp36-cp36m-win32.whl", hash = "sha256:b37bb3bd35edf53125b0ff257822afa6962649995cbdfde2791ddb62b239f891"},
    {file = "Pillow-7.1.2-cp36-cp36m-win_amd64.whl", hash = "sha256:b67a6c47ed963c709ed24566daa3f95a18f07d3831334da570c71da53d97d088"},
    {file = "Pillow-7.1.2-cp37-cp37m-macosx_10_10_x86_64.whl", hash = "sha256:eaa83729eab9c60884f362ada982d3a06beaa6cc8b084cf9f76cae7739481dfa"},
    {file = "Pillow-7.1.2-cp37-cp37m-manylinux1_i686.whl", hash = "sha256:f46e0e024346e1474083c729d50de909974237c72daca05393ee32389dabe457"},
    {file = "Pillow-7.1.2-cp37-cp37m-manylinux1_x86_64.whl", hash = "sha256:0e2a3bceb0fd4e0cb17192ae506d5f082b309ffe5fc370a5667959c9b2f85fa3"},
    {file = "Pillow-7.1.2-cp37-cp37m-win32.whl", hash = "sha256:ccc9ad2460eb5bee5642eaf75a0438d7f8887d484490d5117b98edd7f33118b7"},
    {file = "Pillow-7.1.2-cp37-cp37m-win_amd64.whl", hash = "sha256:b943e71c2065ade6fef223358e56c167fc6ce31c50bc7a02dd5c17ee4338e8ac"},
    {file = "Pillow-7.1.2-cp38-cp38-macosx_10_10_x86_64.whl", hash = "sha256:04766c4930c174b46fd72d450674612ab44cca977ebbcc2dde722c6933290107"},
    {file = "Pillow-7.1.2-cp38-cp38-manylinux1_i686.whl", hash = "sha256:f455efb7a98557412dc6f8e463c1faf1f1911ec2432059fa3e582b6000fc90e2"},
    {file = "Pillow-7.1.2-cp38-cp38-manylinux1_x86_64.whl", hash = "sha256:ee94fce8d003ac9fd206496f2707efe9eadcb278d94c271f129ab36aa7181344"},
    {file = "Pillow-7.1.2-cp38-cp38-win32.whl", hash = "sha256:4b02b9c27fad2054932e89f39703646d0c543f21d3cc5b8e05434215121c28cd"},
    {file = "Pillow-7.1.2-cp38-cp38-win_amd64.whl", hash = "sha256:3d25dd8d688f7318dca6d8cd4f962a360ee40346c15893ae3b95c061cdbc4079"},
    {file = "Pillow-7.1.2-pp373-pypy36_pp73-win32.whl", hash = "sha256:0f01e63c34f0e1e2580cc0b24e86a5ccbbfa8830909a52ee17624c4193224cd9"},
    {file = "Pillow-7.1.2-py3.8-macosx-10.9-x86_64.egg", hash = "sha256:70e3e0d99a0dcda66283a185f80697a9b08806963c6149c8e6c5f452b2aa59c0"},
    {file = "Pillow-7.1.2.tar.gz", hash = "sha256:a0b49960110bc6ff5fead46013bcb8825d101026d466f3a4de3476defe0fb0dd"},
]
pluggy = [
    {file = "pluggy-0.13.1-py2.py3-none-any.whl", hash = "sha256:966c145cd83c96502c3c3868f50408687b38434af77734af1e9ca461a4081d2d"},
    {file = "pluggy-0.13.1.tar.gz", hash = "sha256:15b2acde666561e1298d71b523007ed7364de07029219b604cf808bfa1c765b0"},
]
py = [
    {file = "py-1.8.1-py2.py3-none-any.whl", hash = "sha256:c20fdd83a5dbc0af9efd622bee9a5564e278f6380fffcacc43ba6f43db2813b0"},
    {file = "py-1.8.1.tar.gz", hash = "sha256:5e27081401262157467ad6e7f851b7aa402c5852dbcb3dae06768434de5752aa"},
]
pygments = [
    {file = "Pygments-2.6.1-py3-none-any.whl", hash = "sha256:ff7a40b4860b727ab48fad6360eb351cc1b33cbf9b15a0f689ca5353e9463324"},
    {file = "Pygments-2.6.1.tar.gz", hash = "sha256:647344a061c249a3b74e230c739f434d7ea4d8b1d5f3721bc0f3558049b38f44"},
]
pymdown-extensions = [
    {file = "pymdown-extensions-7.1.tar.gz", hash = "sha256:5bf93d1ccd8281948cd7c559eb363e59b179b5373478e8a7195cf4b78e3c11b6"},
    {file = "pymdown_extensions-7.1-py2.py3-none-any.whl", hash = "sha256:8f415b21ee86d80bb2c3676f4478b274d0a8ccb13af672a4c86b9ffd22bd005c"},
]
pyparsing = [
    {file = "pyparsing-2.4.7-py2.py3-none-any.whl", hash = "sha256:ef9d7589ef3c200abe66653d3f1ab1033c3c419ae9b9bdb1240a85b024efc88b"},
    {file = "pyparsing-2.4.7.tar.gz", hash = "sha256:c203ec8783bf771a155b207279b9bccb8dea02d8f0c9e5f8ead507bc3246ecc1"},
]
pyperclip = [
    {file = "pyperclip-1.8.0.tar.gz", hash = "sha256:b75b975160428d84608c26edba2dec146e7799566aea42c1fe1b32e72b6028f2"},
]
pyyaml = [
    {file = "PyYAML-5.3.1-cp27-cp27m-win32.whl", hash = "sha256:74809a57b329d6cc0fdccee6318f44b9b8649961fa73144a98735b0aaf029f1f"},
    {file = "PyYAML-5.3.1-cp27-cp27m-win_amd64.whl", hash = "sha256:240097ff019d7c70a4922b6869d8a86407758333f02203e0fc6ff79c5dcede76"},
    {file = "PyYAML-5.3.1-cp35-cp35m-win32.whl", hash = "sha256:4f4b913ca1a7319b33cfb1369e91e50354d6f07a135f3b901aca02aa95940bd2"},
    {file = "PyYAML-5.3.1-cp35-cp35m-win_amd64.whl", hash = "sha256:cc8955cfbfc7a115fa81d85284ee61147059a753344bc51098f3ccd69b0d7e0c"},
    {file = "PyYAML-5.3.1-cp36-cp36m-win32.whl", hash = "sha256:7739fc0fa8205b3ee8808aea45e968bc90082c10aef6ea95e855e10abf4a37b2"},
    {file = "PyYAML-5.3.1-cp36-cp36m-win_amd64.whl", hash = "sha256:69f00dca373f240f842b2931fb2c7e14ddbacd1397d57157a9b005a6a9942648"},
    {file = "PyYAML-5.3.1-cp37-cp37m-win32.whl", hash = "sha256:d13155f591e6fcc1ec3b30685d50bf0711574e2c0dfffd7644babf8b5102ca1a"},
    {file = "PyYAML-5.3.1-cp37-cp37m-win_amd64.whl", hash = "sha256:73f099454b799e05e5ab51423c7bcf361c58d3206fa7b0d555426b1f4d9a3eaf"},
    {file = "PyYAML-5.3.1-cp38-cp38-win32.whl", hash = "sha256:06a0d7ba600ce0b2d2fe2e78453a470b5a6e000a985dd4a4e54e436cc36b0e97"},
    {file = "PyYAML-5.3.1-cp38-cp38-win_amd64.whl", hash = "sha256:95f71d2af0ff4227885f7a6605c37fd53d3a106fcab511b8860ecca9fcf400ee"},
    {file = "PyYAML-5.3.1.tar.gz", hash = "sha256:b8eac752c5e14d3eca0e6dd9199cd627518cb5ec06add0de9d32baeee6fe645d"},
]
qrcode = [
    {file = "qrcode-6.1-py2.py3-none-any.whl", hash = "sha256:3996ee560fc39532910603704c82980ff6d4d5d629f9c3f25f34174ce8606cf5"},
    {file = "qrcode-6.1.tar.gz", hash = "sha256:505253854f607f2abf4d16092c61d4e9d511a3b4392e60bff957a68592b04369"},
]
regex = [
    {file = "regex-2020.6.8-cp27-cp27m-win32.whl", hash = "sha256:fbff901c54c22425a5b809b914a3bfaf4b9570eee0e5ce8186ac71eb2025191c"},
    {file = "regex-2020.6.8-cp27-cp27m-win_amd64.whl", hash = "sha256:112e34adf95e45158c597feea65d06a8124898bdeac975c9087fe71b572bd938"},
    {file = "regex-2020.6.8-cp36-cp36m-manylinux1_i686.whl", hash = "sha256:92d8a043a4241a710c1cf7593f5577fbb832cf6c3a00ff3fc1ff2052aff5dd89"},
    {file = "regex-2020.6.8-cp36-cp36m-manylinux1_x86_64.whl", hash = "sha256:bae83f2a56ab30d5353b47f9b2a33e4aac4de9401fb582b55c42b132a8ac3868"},
    {file = "regex-2020.6.8-cp36-cp36m-manylinux2010_i686.whl", hash = "sha256:b2ba0f78b3ef375114856cbdaa30559914d081c416b431f2437f83ce4f8b7f2f"},
    {file = "regex-2020.6.8-cp36-cp36m-manylinux2010_x86_64.whl", hash = "sha256:95fa7726d073c87141f7bbfb04c284901f8328e2d430eeb71b8ffdd5742a5ded"},
    {file = "regex-2020.6.8-cp36-cp36m-win32.whl", hash = "sha256:e3cdc9423808f7e1bb9c2e0bdb1c9dc37b0607b30d646ff6faf0d4e41ee8fee3"},
    {file = "regex-2020.6.8-cp36-cp36m-win_amd64.whl", hash = "sha256:c78e66a922de1c95a208e4ec02e2e5cf0bb83a36ceececc10a72841e53fbf2bd"},
    {file = "regex-2020.6.8-cp37-cp37m-manylinux1_i686.whl", hash = "sha256:08997a37b221a3e27d68ffb601e45abfb0093d39ee770e4257bd2f5115e8cb0a"},
    {file = "regex-2020.6.8-cp37-cp37m-manylinux1_x86_64.whl", hash = "sha256:2f6f211633ee8d3f7706953e9d3edc7ce63a1d6aad0be5dcee1ece127eea13ae"},
    {file = "regex-2020.6.8-cp37-cp37m-manylinux2010_i686.whl", hash = "sha256:55b4c25cbb3b29f8d5e63aeed27b49fa0f8476b0d4e1b3171d85db891938cc3a"},
    {file = "regex-2020.6.8-cp37-cp37m-manylinux2010_x86_64.whl", hash = "sha256:89cda1a5d3e33ec9e231ece7307afc101b5217523d55ef4dc7fb2abd6de71ba3"},
    {file = "regex-2020.6.8-cp37-cp37m-win32.whl", hash = "sha256:690f858d9a94d903cf5cada62ce069b5d93b313d7d05456dbcd99420856562d9"},
    {file = "regex-2020.6.8-cp37-cp37m-win_amd64.whl", hash = "sha256:1700419d8a18c26ff396b3b06ace315b5f2a6e780dad387e4c48717a12a22c29"},
    {file = "regex-2020.6.8-cp38-cp38-manylinux1_i686.whl", hash = "sha256:654cb773b2792e50151f0e22be0f2b6e1c3a04c5328ff1d9d59c0398d37ef610"},
    {file = "regex-2020.6.8-cp38-cp38-manylinux1_x86_64.whl", hash = "sha256:52e1b4bef02f4040b2fd547357a170fc1146e60ab310cdbdd098db86e929b387"},
    {file = "regex-2020.6.8-cp38-cp38-manylinux2010_i686.whl", hash = "sha256:cf59bbf282b627130f5ba68b7fa3abdb96372b24b66bdf72a4920e8153fc7910"},
    {file = "regex-2020.6.8-cp38-cp38-manylinux2010_x86_64.whl", hash = "sha256:5aaa5928b039ae440d775acea11d01e42ff26e1561c0ffcd3d805750973c6baf"},
    {file = "regex-2020.6.8-cp38-cp38-win32.whl", hash = "sha256:97712e0d0af05febd8ab63d2ef0ab2d0cd9deddf4476f7aa153f76feef4b2754"},
    {file = "regex-2020.6.8-cp38-cp38-win_amd64.whl", hash = "sha256:6ad8663c17db4c5ef438141f99e291c4d4edfeaacc0ce28b5bba2b0bf273d9b5"},
    {file = "regex-2020.6.8.tar.gz", hash = "sha256:e9b64e609d37438f7d6e68c2546d2cb8062f3adb27e6336bc129b51be20773ac"},
]
six = [
    {file = "six-1.15.0-py2.py3-none-any.whl", hash = "sha256:8b74bedcbbbaca38ff6d7491d76f2b06b3592611af620f8426e82dddb04a5ced"},
    {file = "six-1.15.0.tar.gz", hash = "sha256:30639c035cdb23534cd4aa2dd52c3bf48f06e5f4a941509c8bafd8ce11080259"},
]
toml = [
    {file = "toml-0.10.1-py2.py3-none-any.whl", hash = "sha256:bda89d5935c2eac546d648028b9901107a595863cb36bae0c73ac804a9b4ce88"},
    {file = "toml-0.10.1.tar.gz", hash = "sha256:926b612be1e5ce0634a2ca03470f95169cf16f939018233a670519cb4ac58b0f"},
]
tornado = [
    {file = "tornado-6.0.4-cp35-cp35m-win32.whl", hash = "sha256:5217e601700f24e966ddab689f90b7ea4bd91ff3357c3600fa1045e26d68e55d"},
    {file = "tornado-6.0.4-cp35-cp35m-win_amd64.whl", hash = "sha256:c98232a3ac391f5faea6821b53db8db461157baa788f5d6222a193e9456e1740"},
    {file = "tornado-6.0.4-cp36-cp36m-win32.whl", hash = "sha256:5f6a07e62e799be5d2330e68d808c8ac41d4a259b9cea61da4101b83cb5dc673"},
    {file = "tornado-6.0.4-cp36-cp36m-win_amd64.whl", hash = "sha256:c952975c8ba74f546ae6de2e226ab3cc3cc11ae47baf607459a6728585bb542a"},
    {file = "tornado-6.0.4-cp37-cp37m-win32.whl", hash = "sha256:2c027eb2a393d964b22b5c154d1a23a5f8727db6fda837118a776b29e2b8ebc6"},
    {file = "tornado-6.0.4-cp37-cp37m-win_amd64.whl", hash = "sha256:5618f72e947533832cbc3dec54e1dffc1747a5cb17d1fd91577ed14fa0dc081b"},
    {file = "tornado-6.0.4-cp38-cp38-win32.whl", hash = "sha256:22aed82c2ea340c3771e3babc5ef220272f6fd06b5108a53b4976d0d722bcd52"},
    {file = "tornado-6.0.4-cp38-cp38-win_amd64.whl", hash = "sha256:c58d56003daf1b616336781b26d184023ea4af13ae143d9dda65e31e534940b9"},
    {file = "tornado-6.0.4.tar.gz", hash = "sha256:0fe2d45ba43b00a41cd73f8be321a44936dc1aba233dee979f17a042b83eb6dc"},
]
tox = [
    {file = "tox-3.15.2-py2.py3-none-any.whl", hash = "sha256:50a188b8e17580c1fb931f494a754e6507d4185f54fb18aca5ba3e12d2ffd55e"},
    {file = "tox-3.15.2.tar.gz", hash = "sha256:c696d36cd7c6a28ada2da780400e44851b20ee19ef08cfe73344a1dcebbbe9f3"},
]
tqdm = [
    {file = "tqdm-4.46.1-py2.py3-none-any.whl", hash = "sha256:07c06493f1403c1380b630ae3dcbe5ae62abcf369a93bbc052502279f189ab8c"},
    {file = "tqdm-4.46.1.tar.gz", hash = "sha256:cd140979c2bebd2311dfb14781d8f19bd5a9debb92dcab9f6ef899c987fcf71f"},
]
virtualenv = [
    {file = "virtualenv-20.0.23-py2.py3-none-any.whl", hash = "sha256:ccfb8e1e05a1174f7bd4c163700277ba730496094fe1a58bea9d4ac140a207c8"},
    {file = "virtualenv-20.0.23.tar.gz", hash = "sha256:5102fbf1ec57e80671ef40ed98a84e980a71194cedf30c87c2b25c3a9e0b0107"},
]
